
Microsoft Visual Studio Solution File, Format Version 11.00
# Visual Studio 2010
Project("{FAE04EC0-301F-11D3-BF4B-00C04F79EFBC}") = "Conversus.Core.DomainModel", "Conversus.Core.DomainModel\Conversus.Core.DomainModel.csproj", "{6358F485-88D8-4093-898B-3A4348D72CC7}"
EndProject
Project("{FAE04EC0-301F-11D3-BF4B-00C04F79EFBC}") = "Conversus.Impl", "Conversus.Impl\Conversus.Impl.csproj", "{52F0DBB4-1C44-42FB-938D-71A2DE4BEC61}"
EndProject
Project("{FAE04EC0-301F-11D3-BF4B-00C04F79EFBC}") = "Conversus.Core.Infrastructure", "Conversus.Core.Infrastructure\Conversus.Core.Infrastructure.csproj", "{2E1E9BA4-2C8C-481A-B35E-43FF717E4B43}"
EndProject
Project("{FAE04EC0-301F-11D3-BF4B-00C04F79EFBC}") = "Conversus.Storage", "Conversus.Storage\Conversus.Storage.csproj", "{0A01855D-10DC-46D7-B2DF-7BA7C3380743}"
EndProject
Project("{2150E333-8FDC-42A3-9474-1A3956D46DE8}") = "Core", "Core", "{72505E67-CCF7-44E3-A7E4-BC00679AD47D}"
EndProject
Project("{FAE04EC0-301F-11D3-BF4B-00C04F79EFBC}") = "Conversus.TerminalView", "Conversus.TerminalView\Conversus.TerminalView.csproj", "{6CEBE5A8-D727-4496-9A30-1C3AA6180730}"
EndProject
Project("{FAE04EC0-301F-11D3-BF4B-00C04F79EFBC}") = "ConsoleApplication1", "ConsoleApplication1\ConsoleApplication1.csproj", "{633C536F-D188-4544-910D-69D994CA6274}"
EndProject
Project("{FAE04EC0-301F-11D3-BF4B-00C04F79EFBC}") = "Conversus.BusinessLogic", "Conversus.BusinessLogic\Conversus.BusinessLogic.csproj", "{2C8ED2AB-0434-4BB0-95F6-35AB3A0D433E}"
EndProject
Project("{FAE04EC0-301F-11D3-BF4B-00C04F79EFBC}") = "Conversus.BusinessLogic.Test", "Conversus.BusinessLogic.Test\Conversus.BusinessLogic.Test.csproj", "{8C9C4BB8-EAB7-4E34-A90D-B0A14C5E4473}"
EndProject
Project("{2150E333-8FDC-42A3-9474-1A3956D46DE8}") = "Solution Items", "Solution Items", "{E8FAC760-2BCE-4A8B-BFAE-1EA2DC9AB239}"
	ProjectSection(SolutionItems) = preProject
		Conversus.vsmdi = Conversus.vsmdi
		Local.testsettings = Local.testsettings
		TraceAndTestImpact.testsettings = TraceAndTestImpact.testsettings
	EndProjectSection
EndProject
Project("{FAE04EC0-301F-11D3-BF4B-00C04F79EFBC}") = "Conversus.OperatorView", "Conversus.OperatorView\Conversus.OperatorView.csproj", "{720371E5-68F5-4C72-BC38-A5852D86373B}"
EndProject
Project("{FAE04EC0-301F-11D3-BF4B-00C04F79EFBC}") = "Conversus.AdminView", "Conversus.AdminView\Conversus.AdminView.csproj", "{6B478ECD-375C-409D-846B-5ED8C147AAD7}"
EndProject
Project("{2150E333-8FDC-42A3-9474-1A3956D46DE8}") = "Views", "Views", "{23E63350-C279-4EC8-9F9E-9D3B3102D6AA}"
EndProject
Project("{2150E333-8FDC-42A3-9474-1A3956D46DE8}") = "Services", "Services", "{A2908650-1AFA-4840-B659-C39E90C5A1C7}"
EndProject
Project("{FAE04EC0-301F-11D3-BF4B-00C04F79EFBC}") = "Conversus.Service.Impl", "Conversus.Service.Impl\Conversus.Service.Impl.csproj", "{66916797-8124-437B-8EEE-720109E9AD70}"
EndProject
Project("{FAE04EC0-301F-11D3-BF4B-00C04F79EFBC}") = "Conversus.Service.Contract", "Conversus.Service.Contract\Conversus.Service.Contract.csproj", "{5BE9C694-8B57-4626-97DB-23175C47E77D}"
EndProject
Project("{FAE04EC0-301F-11D3-BF4B-00C04F79EFBC}") = "Conversus.Service.Host", "Conversus.Service.Host\Conversus.Service.Host.csproj", "{E93136D3-54BE-48D3-8A18-E42D92F366EA}"
EndProject
Project("{FAE04EC0-301F-11D3-BF4B-00C04F79EFBC}") = "Conversus.Service.Helpers", "Conversus.Service.Helpers\Conversus.Service.Helpers.csproj", "{E4A9FBDF-75E9-45E7-AFE5-D40D35724B1E}"
EndProject
Global
	GlobalSection(TestCaseManagementSettings) = postSolution
		CategoryFile = Conversus.vsmdi
	EndGlobalSection
	GlobalSection(SolutionConfigurationPlatforms) = preSolution
		Debug|Any CPU = Debug|Any CPU
		Debug|Mixed Platforms = Debug|Mixed Platforms
		Debug|x86 = Debug|x86
		Release|Any CPU = Release|Any CPU
		Release|Mixed Platforms = Release|Mixed Platforms
		Release|x86 = Release|x86
	EndGlobalSection
	GlobalSection(ProjectConfigurationPlatforms) = postSolution
		{6358F485-88D8-4093-898B-3A4348D72CC7}.Debug|Any CPU.ActiveCfg = Debug|Any CPU
		{6358F485-88D8-4093-898B-3A4348D72CC7}.Debug|Any CPU.Build.0 = Debug|Any CPU
		{6358F485-88D8-4093-898B-3A4348D72CC7}.Debug|Mixed Platforms.ActiveCfg = Debug|Any CPU
		{6358F485-88D8-4093-898B-3A4348D72CC7}.Debug|Mixed Platforms.Build.0 = Debug|Any CPU
		{6358F485-88D8-4093-898B-3A4348D72CC7}.Debug|x86.ActiveCfg = Debug|Any CPU
		{6358F485-88D8-4093-898B-3A4348D72CC7}.Release|Any CPU.ActiveCfg = Release|Any CPU
		{6358F485-88D8-4093-898B-3A4348D72CC7}.Release|Any CPU.Build.0 = Release|Any CPU
		{6358F485-88D8-4093-898B-3A4348D72CC7}.Release|Mixed Platforms.ActiveCfg = Release|Any CPU
		{6358F485-88D8-4093-898B-3A4348D72CC7}.Release|Mixed Platforms.Build.0 = Release|Any CPU
		{6358F485-88D8-4093-898B-3A4348D72CC7}.Release|x86.ActiveCfg = Release|Any CPU
		{52F0DBB4-1C44-42FB-938D-71A2DE4BEC61}.Debug|Any CPU.ActiveCfg = Debug|Any CPU
		{52F0DBB4-1C44-42FB-938D-71A2DE4BEC61}.Debug|Any CPU.Build.0 = Debug|Any CPU
		{52F0DBB4-1C44-42FB-938D-71A2DE4BEC61}.Debug|Mixed Platforms.ActiveCfg = Debug|Any CPU
		{52F0DBB4-1C44-42FB-938D-71A2DE4BEC61}.Debug|Mixed Platforms.Build.0 = Debug|Any CPU
		{52F0DBB4-1C44-42FB-938D-71A2DE4BEC61}.Debug|x86.ActiveCfg = Debug|Any CPU
		{52F0DBB4-1C44-42FB-938D-71A2DE4BEC61}.Release|Any CPU.ActiveCfg = Release|Any CPU
		{52F0DBB4-1C44-42FB-938D-71A2DE4BEC61}.Release|Any CPU.Build.0 = Release|Any CPU
		{52F0DBB4-1C44-42FB-938D-71A2DE4BEC61}.Release|Mixed Platforms.ActiveCfg = Release|Any CPU
		{52F0DBB4-1C44-42FB-938D-71A2DE4BEC61}.Release|Mixed Platforms.Build.0 = Release|Any CPU
		{52F0DBB4-1C44-42FB-938D-71A2DE4BEC61}.Release|x86.ActiveCfg = Release|Any CPU
		{2E1E9BA4-2C8C-481A-B35E-43FF717E4B43}.Debug|Any CPU.ActiveCfg = Debug|Any CPU
		{2E1E9BA4-2C8C-481A-B35E-43FF717E4B43}.Debug|Any CPU.Build.0 = Debug|Any CPU
		{2E1E9BA4-2C8C-481A-B35E-43FF717E4B43}.Debug|Mixed Platforms.ActiveCfg = Debug|Any CPU
		{2E1E9BA4-2C8C-481A-B35E-43FF717E4B43}.Debug|Mixed Platforms.Build.0 = Debug|Any CPU
		{2E1E9BA4-2C8C-481A-B35E-43FF717E4B43}.Debug|x86.ActiveCfg = Debug|Any CPU
		{2E1E9BA4-2C8C-481A-B35E-43FF717E4B43}.Release|Any CPU.ActiveCfg = Release|Any CPU
		{2E1E9BA4-2C8C-481A-B35E-43FF717E4B43}.Release|Any CPU.Build.0 = Release|Any CPU
		{2E1E9BA4-2C8C-481A-B35E-43FF717E4B43}.Release|Mixed Platforms.ActiveCfg = Release|Any CPU
		{2E1E9BA4-2C8C-481A-B35E-43FF717E4B43}.Release|Mixed Platforms.Build.0 = Release|Any CPU
		{2E1E9BA4-2C8C-481A-B35E-43FF717E4B43}.Release|x86.ActiveCfg = Release|Any CPU
		{0A01855D-10DC-46D7-B2DF-7BA7C3380743}.Debug|Any CPU.ActiveCfg = Debug|Any CPU
		{0A01855D-10DC-46D7-B2DF-7BA7C3380743}.Debug|Any CPU.Build.0 = Debug|Any CPU
		{0A01855D-10DC-46D7-B2DF-7BA7C3380743}.Debug|Mixed Platforms.ActiveCfg = Debug|Any CPU
		{0A01855D-10DC-46D7-B2DF-7BA7C3380743}.Debug|Mixed Platforms.Build.0 = Debug|Any CPU
		{0A01855D-10DC-46D7-B2DF-7BA7C3380743}.Debug|x86.ActiveCfg = Debug|Any CPU
		{0A01855D-10DC-46D7-B2DF-7BA7C3380743}.Release|Any CPU.ActiveCfg = Release|Any CPU
		{0A01855D-10DC-46D7-B2DF-7BA7C3380743}.Release|Any CPU.Build.0 = Release|Any CPU
		{0A01855D-10DC-46D7-B2DF-7BA7C3380743}.Release|Mixed Platforms.ActiveCfg = Release|Any CPU
		{0A01855D-10DC-46D7-B2DF-7BA7C3380743}.Release|Mixed Platforms.Build.0 = Release|Any CPU
		{0A01855D-10DC-46D7-B2DF-7BA7C3380743}.Release|x86.ActiveCfg = Release|Any CPU
		{6CEBE5A8-D727-4496-9A30-1C3AA6180730}.Debug|Any CPU.ActiveCfg = Debug|x86
		{6CEBE5A8-D727-4496-9A30-1C3AA6180730}.Debug|Any CPU.Build.0 = Debug|x86
		{6CEBE5A8-D727-4496-9A30-1C3AA6180730}.Debug|Mixed Platforms.ActiveCfg = Debug|x86
		{6CEBE5A8-D727-4496-9A30-1C3AA6180730}.Debug|Mixed Platforms.Build.0 = Debug|x86
		{6CEBE5A8-D727-4496-9A30-1C3AA6180730}.Debug|x86.ActiveCfg = Debug|x86
		{6CEBE5A8-D727-4496-9A30-1C3AA6180730}.Debug|x86.Build.0 = Debug|x86
		{6CEBE5A8-D727-4496-9A30-1C3AA6180730}.Release|Any CPU.ActiveCfg = Release|x86
		{6CEBE5A8-D727-4496-9A30-1C3AA6180730}.Release|Mixed Platforms.ActiveCfg = Release|x86
		{6CEBE5A8-D727-4496-9A30-1C3AA6180730}.Release|Mixed Platforms.Build.0 = Release|x86
		{6CEBE5A8-D727-4496-9A30-1C3AA6180730}.Release|x86.ActiveCfg = Release|x86
		{6CEBE5A8-D727-4496-9A30-1C3AA6180730}.Release|x86.Build.0 = Release|x86
		{633C536F-D188-4544-910D-69D994CA6274}.Debug|Any CPU.ActiveCfg = Debug|x86
		{633C536F-D188-4544-910D-69D994CA6274}.Debug|Any CPU.Build.0 = Debug|x86
		{633C536F-D188-4544-910D-69D994CA6274}.Debug|Mixed Platforms.ActiveCfg = Debug|x86
		{633C536F-D188-4544-910D-69D994CA6274}.Debug|Mixed Platforms.Build.0 = Debug|x86
		{633C536F-D188-4544-910D-69D994CA6274}.Debug|x86.ActiveCfg = Debug|x86
		{633C536F-D188-4544-910D-69D994CA6274}.Debug|x86.Build.0 = Debug|x86
		{633C536F-D188-4544-910D-69D994CA6274}.Release|Any CPU.ActiveCfg = Release|x86
		{633C536F-D188-4544-910D-69D994CA6274}.Release|Mixed Platforms.ActiveCfg = Release|x86
		{633C536F-D188-4544-910D-69D994CA6274}.Release|Mixed Platforms.Build.0 = Release|x86
		{633C536F-D188-4544-910D-69D994CA6274}.Release|x86.ActiveCfg = Release|x86
		{633C536F-D188-4544-910D-69D994CA6274}.Release|x86.Build.0 = Release|x86
		{2C8ED2AB-0434-4BB0-95F6-35AB3A0D433E}.Debug|Any CPU.ActiveCfg = Debug|Any CPU
		{2C8ED2AB-0434-4BB0-95F6-35AB3A0D433E}.Debug|Any CPU.Build.0 = Debug|Any CPU
		{2C8ED2AB-0434-4BB0-95F6-35AB3A0D433E}.Debug|Mixed Platforms.ActiveCfg = Debug|Any CPU
		{2C8ED2AB-0434-4BB0-95F6-35AB3A0D433E}.Debug|Mixed Platforms.Build.0 = Debug|Any CPU
		{2C8ED2AB-0434-4BB0-95F6-35AB3A0D433E}.Debug|x86.ActiveCfg = Debug|Any CPU
		{2C8ED2AB-0434-4BB0-95F6-35AB3A0D433E}.Release|Any CPU.ActiveCfg = Release|Any CPU
		{2C8ED2AB-0434-4BB0-95F6-35AB3A0D433E}.Release|Any CPU.Build.0 = Release|Any CPU
		{2C8ED2AB-0434-4BB0-95F6-35AB3A0D433E}.Release|Mixed Platforms.ActiveCfg = Release|Any CPU
		{2C8ED2AB-0434-4BB0-95F6-35AB3A0D433E}.Release|Mixed Platforms.Build.0 = Release|Any CPU
		{2C8ED2AB-0434-4BB0-95F6-35AB3A0D433E}.Release|x86.ActiveCfg = Release|Any CPU
		{8C9C4BB8-EAB7-4E34-A90D-B0A14C5E4473}.Debug|Any CPU.ActiveCfg = Debug|Any CPU
		{8C9C4BB8-EAB7-4E34-A90D-B0A14C5E4473}.Debug|Any CPU.Build.0 = Debug|Any CPU
		{8C9C4BB8-EAB7-4E34-A90D-B0A14C5E4473}.Debug|Mixed Platforms.ActiveCfg = Debug|Any CPU
		{8C9C4BB8-EAB7-4E34-A90D-B0A14C5E4473}.Debug|Mixed Platforms.Build.0 = Debug|Any CPU
		{8C9C4BB8-EAB7-4E34-A90D-B0A14C5E4473}.Debug|x86.ActiveCfg = Debug|Any CPU
		{8C9C4BB8-EAB7-4E34-A90D-B0A14C5E4473}.Release|Any CPU.ActiveCfg = Release|Any CPU
		{8C9C4BB8-EAB7-4E34-A90D-B0A14C5E4473}.Release|Any CPU.Build.0 = Release|Any CPU
		{8C9C4BB8-EAB7-4E34-A90D-B0A14C5E4473}.Release|Mixed Platforms.ActiveCfg = Release|Any CPU
		{8C9C4BB8-EAB7-4E34-A90D-B0A14C5E4473}.Release|Mixed Platforms.Build.0 = Release|Any CPU
		{8C9C4BB8-EAB7-4E34-A90D-B0A14C5E4473}.Release|x86.ActiveCfg = Release|Any CPU
		{720371E5-68F5-4C72-BC38-A5852D86373B}.Debug|Any CPU.ActiveCfg = Debug|x86
		{720371E5-68F5-4C72-BC38-A5852D86373B}.Debug|Any CPU.Build.0 = Debug|x86
		{720371E5-68F5-4C72-BC38-A5852D86373B}.Debug|Mixed Platforms.ActiveCfg = Debug|x86
		{720371E5-68F5-4C72-BC38-A5852D86373B}.Debug|Mixed Platforms.Build.0 = Debug|x86
		{720371E5-68F5-4C72-BC38-A5852D86373B}.Debug|x86.ActiveCfg = Debug|x86
		{720371E5-68F5-4C72-BC38-A5852D86373B}.Debug|x86.Build.0 = Debug|x86
		{720371E5-68F5-4C72-BC38-A5852D86373B}.Release|Any CPU.ActiveCfg = Release|x86
		{720371E5-68F5-4C72-BC38-A5852D86373B}.Release|Mixed Platforms.ActiveCfg = Release|x86
		{720371E5-68F5-4C72-BC38-A5852D86373B}.Release|Mixed Platforms.Build.0 = Release|x86
		{720371E5-68F5-4C72-BC38-A5852D86373B}.Release|x86.ActiveCfg = Release|x86
		{720371E5-68F5-4C72-BC38-A5852D86373B}.Release|x86.Build.0 = Release|x86
		{6B478ECD-375C-409D-846B-5ED8C147AAD7}.Debug|Any CPU.ActiveCfg = Debug|x86
		{6B478ECD-375C-409D-846B-5ED8C147AAD7}.Debug|Any CPU.Build.0 = Debug|x86
		{6B478ECD-375C-409D-846B-5ED8C147AAD7}.Debug|Mixed Platforms.ActiveCfg = Debug|x86
		{6B478ECD-375C-409D-846B-5ED8C147AAD7}.Debug|Mixed Platforms.Build.0 = Debug|x86
		{6B478ECD-375C-409D-846B-5ED8C147AAD7}.Debug|x86.ActiveCfg = Debug|x86
		{6B478ECD-375C-409D-846B-5ED8C147AAD7}.Debug|x86.Build.0 = Debug|x86
		{6B478ECD-375C-409D-846B-5ED8C147AAD7}.Release|Any CPU.ActiveCfg = Release|x86
		{6B478ECD-375C-409D-846B-5ED8C147AAD7}.Release|Mixed Platforms.ActiveCfg = Release|x86
		{6B478ECD-375C-409D-846B-5ED8C147AAD7}.Release|Mixed Platforms.Build.0 = Release|x86
		{6B478ECD-375C-409D-846B-5ED8C147AAD7}.Release|x86.ActiveCfg = Release|x86
		{6B478ECD-375C-409D-846B-5ED8C147AAD7}.Release|x86.Build.0 = Release|x86
		{66916797-8124-437B-8EEE-720109E9AD70}.Debug|Any CPU.ActiveCfg = Debug|Any CPU
		{66916797-8124-437B-8EEE-720109E9AD70}.Debug|Any CPU.Build.0 = Debug|Any CPU
		{66916797-8124-437B-8EEE-720109E9AD70}.Debug|Mixed Platforms.ActiveCfg = Debug|Any CPU
		{66916797-8124-437B-8EEE-720109E9AD70}.Debug|Mixed Platforms.Build.0 = Debug|Any CPU
		{66916797-8124-437B-8EEE-720109E9AD70}.Debug|x86.ActiveCfg = Debug|Any CPU
		{66916797-8124-437B-8EEE-720109E9AD70}.Release|Any CPU.ActiveCfg = Release|Any CPU
		{66916797-8124-437B-8EEE-720109E9AD70}.Release|Any CPU.Build.0 = Release|Any CPU
		{66916797-8124-437B-8EEE-720109E9AD70}.Release|Mixed Platforms.ActiveCfg = Release|Any CPU
		{66916797-8124-437B-8EEE-720109E9AD70}.Release|Mixed Platforms.Build.0 = Release|Any CPU
		{66916797-8124-437B-8EEE-720109E9AD70}.Release|x86.ActiveCfg = Release|Any CPU
		{5BE9C694-8B57-4626-97DB-23175C47E77D}.Debug|Any CPU.ActiveCfg = Debug|Any CPU
		{5BE9C694-8B57-4626-97DB-23175C47E77D}.Debug|Any CPU.Build.0 = Debug|Any CPU
		{5BE9C694-8B57-4626-97DB-23175C47E77D}.Debug|Mixed Platforms.ActiveCfg = Debug|Any CPU
		{5BE9C694-8B57-4626-97DB-23175C47E77D}.Debug|Mixed Platforms.Build.0 = Debug|Any CPU
		{5BE9C694-8B57-4626-97DB-23175C47E77D}.Debug|x86.ActiveCfg = Debug|Any CPU
		{5BE9C694-8B57-4626-97DB-23175C47E77D}.Release|Any CPU.ActiveCfg = Release|Any CPU
		{5BE9C694-8B57-4626-97DB-23175C47E77D}.Release|Any CPU.Build.0 = Release|Any CPU
		{5BE9C694-8B57-4626-97DB-23175C47E77D}.Release|Mixed Platforms.ActiveCfg = Release|Any CPU
		{5BE9C694-8B57-4626-97DB-23175C47E77D}.Release|Mixed Platforms.Build.0 = Release|Any CPU
		{5BE9C694-8B57-4626-97DB-23175C47E77D}.Release|x86.ActiveCfg = Release|Any CPU
		{E93136D3-54BE-48D3-8A18-E42D92F366EA}.Debug|Any CPU.ActiveCfg = Debug|x86
		{E93136D3-54BE-48D3-8A18-E42D92F366EA}.Debug|Any CPU.Build.0 = Debug|x86
		{E93136D3-54BE-48D3-8A18-E42D92F366EA}.Debug|Mixed Platforms.ActiveCfg = Debug|x86
		{E93136D3-54BE-48D3-8A18-E42D92F366EA}.Debug|Mixed Platforms.Build.0 = Debug|x86
		{E93136D3-54BE-48D3-8A18-E42D92F366EA}.Debug|x86.ActiveCfg = Debug|x86
		{E93136D3-54BE-48D3-8A18-E42D92F366EA}.Debug|x86.Build.0 = Debug|x86
		{E93136D3-54BE-48D3-8A18-E42D92F366EA}.Release|Any CPU.ActiveCfg = Release|x86
		{E93136D3-54BE-48D3-8A18-E42D92F366EA}.Release|Mixed Platforms.ActiveCfg = Release|x86
		{E93136D3-54BE-48D3-8A18-E42D92F366EA}.Release|Mixed Platforms.Build.0 = Release|x86
		{E93136D3-54BE-48D3-8A18-E42D92F366EA}.Release|x86.ActiveCfg = Release|x86
		{E93136D3-54BE-48D3-8A18-E42D92F366EA}.Release|x86.Build.0 = Release|x86
		{E4A9FBDF-75E9-45E7-AFE5-D40D35724B1E}.Debug|Any CPU.ActiveCfg = Debug|Any CPU
		{E4A9FBDF-75E9-45E7-AFE5-D40D35724B1E}.Debug|Any CPU.Build.0 = Debug|Any CPU
		{E4A9FBDF-75E9-45E7-AFE5-D40D35724B1E}.Debug|Mixed Platforms.ActiveCfg = Debug|Any CPU
		{E4A9FBDF-75E9-45E7-AFE5-D40D35724B1E}.Debug|Mixed Platforms.Build.0 = Debug|Any CPU
		{E4A9FBDF-75E9-45E7-AFE5-D40D35724B1E}.Debug|x86.ActiveCfg = Debug|Any CPU
		{E4A9FBDF-75E9-45E7-AFE5-D40D35724B1E}.Release|Any CPU.ActiveCfg = Release|Any CPU
		{E4A9FBDF-75E9-45E7-AFE5-D40D35724B1E}.Release|Any CPU.Build.0 = Release|Any CPU
		{E4A9FBDF-75E9-45E7-AFE5-D40D35724B1E}.Release|Mixed Platforms.ActiveCfg = Release|Any CPU
		{E4A9FBDF-75E9-45E7-AFE5-D40D35724B1E}.Release|Mixed Platforms.Build.0 = Release|Any CPU
		{E4A9FBDF-75E9-45E7-AFE5-D40D35724B1E}.Release|x86.ActiveCfg = Release|Any CPU
	EndGlobalSection
	GlobalSection(SolutionProperties) = preSolution
		HideSolutionNode = FALSE
	EndGlobalSection
	GlobalSection(NestedProjects) = preSolution
		{2E1E9BA4-2C8C-481A-B35E-43FF717E4B43} = {72505E67-CCF7-44E3-A7E4-BC00679AD47D}
		{6358F485-88D8-4093-898B-3A4348D72CC7} = {72505E67-CCF7-44E3-A7E4-BC00679AD47D}
		{720371E5-68F5-4C72-BC38-A5852D86373B} = {23E63350-C279-4EC8-9F9E-9D3B3102D6AA}
		{6B478ECD-375C-409D-846B-5ED8C147AAD7} = {23E63350-C279-4EC8-9F9E-9D3B3102D6AA}
		{6CEBE5A8-D727-4496-9A30-1C3AA6180730} = {23E63350-C279-4EC8-9F9E-9D3B3102D6AA}
		{66916797-8124-437B-8EEE-720109E9AD70} = {A2908650-1AFA-4840-B659-C39E90C5A1C7}
		{5BE9C694-8B57-4626-97DB-23175C47E77D} = {A2908650-1AFA-4840-B659-C39E90C5A1C7}
		{E93136D3-54BE-48D3-8A18-E42D92F366EA} = {A2908650-1AFA-4840-B659-C39E90C5A1C7}
		{E4A9FBDF-75E9-45E7-AFE5-D40D35724B1E} = {A2908650-1AFA-4840-B659-C39E90C5A1C7}
	EndGlobalSection
EndGlobal
