
Microsoft Visual Studio Solution File, Format Version 11.00
# Visual Studio 2010
Project("{FAE04EC0-301F-11D3-BF4B-00C04F79EFBC}") = "Conversus.Core.DomainModel", "Conversus.Core.DomainModel\Conversus.Core.DomainModel.csproj", "{6358F485-88D8-4093-898B-3A4348D72CC7}"
EndProject
Project("{FAE04EC0-301F-11D3-BF4B-00C04F79EFBC}") = "Conversus.Impl", "Conversus.Impl\Conversus.Impl.csproj", "{52F0DBB4-1C44-42FB-938D-71A2DE4BEC61}"
EndProject
Project("{FAE04EC0-301F-11D3-BF4B-00C04F79EFBC}") = "Conversus.Core.Infrastructure", "Conversus.Core.Infrastructure\Conversus.Core.Infrastructure.csproj", "{2E1E9BA4-2C8C-481A-B35E-43FF717E4B43}"
EndProject
Project("{FAE04EC0-301F-11D3-BF4B-00C04F79EFBC}") = "Conversus.Storage", "Conversus.Storage\Conversus.Storage.csproj", "{0A01855D-10DC-46D7-B2DF-7BA7C3380743}"
EndProject
Project("{2150E333-8FDC-42A3-9474-1A3956D46DE8}") = "Core", "Core", "{72505E67-CCF7-44E3-A7E4-BC00679AD47D}"
EndProject
Project("{FAE04EC0-301F-11D3-BF4B-00C04F79EFBC}") = "Conversus.TerminalView", "Conversus.TerminalView\Conversus.TerminalView.csproj", "{6CEBE5A8-D727-4496-9A30-1C3AA6180730}"
EndProject
Project("{FAE04EC0-301F-11D3-BF4B-00C04F79EFBC}") = "Conversus.BusinessLogic", "Conversus.BusinessLogic\Conversus.BusinessLogic.csproj", "{2C8ED2AB-0434-4BB0-95F6-35AB3A0D433E}"
EndProject
Project("{FAE04EC0-301F-11D3-BF4B-00C04F79EFBC}") = "Conversus.BusinessLogic.Test", "Conversus.BusinessLogic.Test\Conversus.BusinessLogic.Test.csproj", "{8C9C4BB8-EAB7-4E34-A90D-B0A14C5E4473}"
EndProject
Project("{2150E333-8FDC-42A3-9474-1A3956D46DE8}") = "Solution Items", "Solution Items", "{E8FAC760-2BCE-4A8B-BFAE-1EA2DC9AB239}"
	ProjectSection(SolutionItems) = preProject
		Conversus.vsmdi = Conversus.vsmdi
		Local.testsettings = Local.testsettings
		TraceAndTestImpact.testsettings = TraceAndTestImpact.testsettings
	EndProjectSection
EndProject
Project("{FAE04EC0-301F-11D3-BF4B-00C04F79EFBC}") = "Conversus.OperatorView", "Conversus.OperatorView\Conversus.OperatorView.csproj", "{720371E5-68F5-4C72-BC38-A5852D86373B}"
EndProject
Project("{FAE04EC0-301F-11D3-BF4B-00C04F79EFBC}") = "Conversus.AdminView", "Conversus.AdminView\Conversus.AdminView.csproj", "{6B478ECD-375C-409D-846B-5ED8C147AAD7}"
EndProject
Project("{2150E333-8FDC-42A3-9474-1A3956D46DE8}") = "Views", "Views", "{23E63350-C279-4EC8-9F9E-9D3B3102D6AA}"
EndProject
Project("{2150E333-8FDC-42A3-9474-1A3956D46DE8}") = "Services", "Services", "{A2908650-1AFA-4840-B659-C39E90C5A1C7}"
EndProject
Project("{FAE04EC0-301F-11D3-BF4B-00C04F79EFBC}") = "Conversus.Service.Impl", "Conversus.Service.Impl\Conversus.Service.Impl.csproj", "{66916797-8124-437B-8EEE-720109E9AD70}"
EndProject
Project("{FAE04EC0-301F-11D3-BF4B-00C04F79EFBC}") = "Conversus.Service.Contract", "Conversus.Service.Contract\Conversus.Service.Contract.csproj", "{5BE9C694-8B57-4626-97DB-23175C47E77D}"
EndProject
Project("{FAE04EC0-301F-11D3-BF4B-00C04F79EFBC}") = "Conversus.Service.Host", "Conversus.Service.Host\Conversus.Service.Host.csproj", "{E93136D3-54BE-48D3-8A18-E42D92F366EA}"
EndProject
Project("{FAE04EC0-301F-11D3-BF4B-00C04F79EFBC}") = "Conversus.Service.Helpers", "Conversus.Service.Helpers\Conversus.Service.Helpers.csproj", "{E4A9FBDF-75E9-45E7-AFE5-D40D35724B1E}"
EndProject
Project("{FAE04EC0-301F-11D3-BF4B-00C04F79EFBC}") = "Conversus.TerminalService.Contract", "Conversus.TerminalService.Contract\Conversus.TerminalService.Contract.csproj", "{D44ED2C9-68DE-402D-B81F-6F764F210309}"
EndProject
Project("{FAE04EC0-301F-11D3-BF4B-00C04F79EFBC}") = "Conversus.Scheduler", "Conversus.Scheduler\Conversus.Scheduler.csproj", "{6843B1CC-EAF2-42CE-AC16-D1C8799F5848}"
EndProject
Project("{2150E333-8FDC-42A3-9474-1A3956D46DE8}") = "Setup", "Setup", "{711998AB-9D95-46A6-ACB4-280CFE137A12}"
EndProject
Project("{54435603-DBB4-11D2-8724-00A0C9A8B90C}") = "Conversus.OperatorSetup", "Conversus.OperatorSetup\Conversus.OperatorSetup.vdproj", "{023E56DB-AD4A-4DE0-8238-D7F76B3FB84F}"
EndProject
Project("{FAE04EC0-301F-11D3-BF4B-00C04F79EFBC}") = "Conversus.OperatorView.Installer", "Conversus.OperatorView.Installer\Conversus.OperatorView.Installer.csproj", "{DFAF0D23-7B75-4EA0-9ADB-0344AC34C34E}"
EndProject
Project("{54435603-DBB4-11D2-8724-00A0C9A8B90C}") = "Conversus.AdminSetup", "Conversus.AdminSetup\Conversus.AdminSetup.vdproj", "{D3F84979-BFDD-4035-A31B-FE1F744CF35E}"
EndProject
Project("{FAE04EC0-301F-11D3-BF4B-00C04F79EFBC}") = "Conversus.AdminView.Installer", "Conversus.AdminView.Installer\Conversus.AdminView.Installer.csproj", "{B9939412-0622-4B96-9ED0-825918B7F438}"
EndProject
Project("{FAE04EC0-301F-11D3-BF4B-00C04F79EFBC}") = "Conversus.TerminalView.Installer", "Conversus.TerminalView.Installer\Conversus.TerminalView.Installer.csproj", "{1F7B75BA-8D97-44F5-AEB9-A8F7822AB3B2}"
EndProject
Project("{54435603-DBB4-11D2-8724-00A0C9A8B90C}") = "Conversus.TerminalSetup", "Conversus.TerminalSetup\Conversus.TerminalSetup.vdproj", "{5FFD128C-8301-4151-9809-010FC37F46BA}"
EndProject
Project("{FAE04EC0-301F-11D3-BF4B-00C04F79EFBC}") = "Conversus.ServiceHost.Installer", "Conversus.ServiceHost.Installer\Conversus.ServiceHost.Installer.csproj", "{928EC816-9398-4CE4-9DCF-001EC646DD1C}"
EndProject
Project("{54435603-DBB4-11D2-8724-00A0C9A8B90C}") = "Conversus.ServiceHostSetup", "Conversus.ServiceHostSetup\Conversus.ServiceHostSetup.vdproj", "{1922E55A-7FF2-4780-A04B-983B7632BFD8}"
EndProject
Project("{FAE04EC0-301F-11D3-BF4B-00C04F79EFBC}") = "Conversus.Keygen", "Conversus.keygen\Conversus.Keygen.csproj", "{ECE1F556-0388-488C-9290-FB8AAA93AC94}"
EndProject
Project("{FAE04EC0-301F-11D3-BF4B-00C04F79EFBC}") = "Conversus.Resources", "Conversus.Resources\Conversus.Resources.csproj", "{3E1517D1-2979-403C-B886-FB6BABCF6FB5}"
EndProject
Project("{2150E333-8FDC-42A3-9474-1A3956D46DE8}") = "Config", "Config", "{B1CBFD43-3689-47D4-9FCB-1F6EA3268462}"
	ProjectSection(SolutionItems) = preProject
		Config\hostSettings.cfg = Config\hostSettings.cfg
	EndProjectSection
EndProject
Global
	GlobalSection(TestCaseManagementSettings) = postSolution
		CategoryFile = Conversus.vsmdi
	EndGlobalSection
	GlobalSection(SolutionConfigurationPlatforms) = preSolution
		Debug|Any CPU = Debug|Any CPU
		Debug|Mixed Platforms = Debug|Mixed Platforms
		Debug|x86 = Debug|x86
		Release|Any CPU = Release|Any CPU
		Release|Mixed Platforms = Release|Mixed Platforms
		Release|x86 = Release|x86
	EndGlobalSection
	GlobalSection(ProjectConfigurationPlatforms) = postSolution
		{6358F485-88D8-4093-898B-3A4348D72CC7}.Debug|Any CPU.ActiveCfg = Debug|Any CPU
		{6358F485-88D8-4093-898B-3A4348D72CC7}.Debug|Any CPU.Build.0 = Debug|Any CPU
		{6358F485-88D8-4093-898B-3A4348D72CC7}.Debug|Mixed Platforms.ActiveCfg = Debug|Any CPU
		{6358F485-88D8-4093-898B-3A4348D72CC7}.Debug|Mixed Platforms.Build.0 = Debug|Any CPU
		{6358F485-88D8-4093-898B-3A4348D72CC7}.Debug|x86.ActiveCfg = Debug|Any CPU
		{6358F485-88D8-4093-898B-3A4348D72CC7}.Release|Any CPU.ActiveCfg = Release|Any CPU
		{6358F485-88D8-4093-898B-3A4348D72CC7}.Release|Any CPU.Build.0 = Release|Any CPU
		{6358F485-88D8-4093-898B-3A4348D72CC7}.Release|Mixed Platforms.ActiveCfg = Release|Any CPU
		{6358F485-88D8-4093-898B-3A4348D72CC7}.Release|Mixed Platforms.Build.0 = Release|Any CPU
		{6358F485-88D8-4093-898B-3A4348D72CC7}.Release|x86.ActiveCfg = Release|Any CPU
		{52F0DBB4-1C44-42FB-938D-71A2DE4BEC61}.Debug|Any CPU.ActiveCfg = Debug|Any CPU
		{52F0DBB4-1C44-42FB-938D-71A2DE4BEC61}.Debug|Any CPU.Build.0 = Debug|Any CPU
		{52F0DBB4-1C44-42FB-938D-71A2DE4BEC61}.Debug|Mixed Platforms.ActiveCfg = Debug|Any CPU
		{52F0DBB4-1C44-42FB-938D-71A2DE4BEC61}.Debug|Mixed Platforms.Build.0 = Debug|Any CPU
		{52F0DBB4-1C44-42FB-938D-71A2DE4BEC61}.Debug|x86.ActiveCfg = Debug|Any CPU
		{52F0DBB4-1C44-42FB-938D-71A2DE4BEC61}.Release|Any CPU.ActiveCfg = Release|Any CPU
		{52F0DBB4-1C44-42FB-938D-71A2DE4BEC61}.Release|Any CPU.Build.0 = Release|Any CPU
		{52F0DBB4-1C44-42FB-938D-71A2DE4BEC61}.Release|Mixed Platforms.ActiveCfg = Release|Any CPU
		{52F0DBB4-1C44-42FB-938D-71A2DE4BEC61}.Release|Mixed Platforms.Build.0 = Release|Any CPU
		{52F0DBB4-1C44-42FB-938D-71A2DE4BEC61}.Release|x86.ActiveCfg = Release|Any CPU
		{2E1E9BA4-2C8C-481A-B35E-43FF717E4B43}.Debug|Any CPU.ActiveCfg = Debug|Any CPU
		{2E1E9BA4-2C8C-481A-B35E-43FF717E4B43}.Debug|Any CPU.Build.0 = Debug|Any CPU
		{2E1E9BA4-2C8C-481A-B35E-43FF717E4B43}.Debug|Mixed Platforms.ActiveCfg = Debug|Any CPU
		{2E1E9BA4-2C8C-481A-B35E-43FF717E4B43}.Debug|Mixed Platforms.Build.0 = Debug|Any CPU
		{2E1E9BA4-2C8C-481A-B35E-43FF717E4B43}.Debug|x86.ActiveCfg = Debug|Any CPU
		{2E1E9BA4-2C8C-481A-B35E-43FF717E4B43}.Release|Any CPU.ActiveCfg = Release|Any CPU
		{2E1E9BA4-2C8C-481A-B35E-43FF717E4B43}.Release|Any CPU.Build.0 = Release|Any CPU
		{2E1E9BA4-2C8C-481A-B35E-43FF717E4B43}.Release|Mixed Platforms.ActiveCfg = Release|Any CPU
		{2E1E9BA4-2C8C-481A-B35E-43FF717E4B43}.Release|Mixed Platforms.Build.0 = Release|Any CPU
		{2E1E9BA4-2C8C-481A-B35E-43FF717E4B43}.Release|x86.ActiveCfg = Release|Any CPU
		{0A01855D-10DC-46D7-B2DF-7BA7C3380743}.Debug|Any CPU.ActiveCfg = Debug|Any CPU
		{0A01855D-10DC-46D7-B2DF-7BA7C3380743}.Debug|Any CPU.Build.0 = Debug|Any CPU
		{0A01855D-10DC-46D7-B2DF-7BA7C3380743}.Debug|Mixed Platforms.ActiveCfg = Debug|Any CPU
		{0A01855D-10DC-46D7-B2DF-7BA7C3380743}.Debug|Mixed Platforms.Build.0 = Debug|Any CPU
		{0A01855D-10DC-46D7-B2DF-7BA7C3380743}.Debug|x86.ActiveCfg = Debug|Any CPU
		{0A01855D-10DC-46D7-B2DF-7BA7C3380743}.Release|Any CPU.ActiveCfg = Release|Any CPU
		{0A01855D-10DC-46D7-B2DF-7BA7C3380743}.Release|Any CPU.Build.0 = Release|Any CPU
		{0A01855D-10DC-46D7-B2DF-7BA7C3380743}.Release|Mixed Platforms.ActiveCfg = Release|Any CPU
		{0A01855D-10DC-46D7-B2DF-7BA7C3380743}.Release|Mixed Platforms.Build.0 = Release|Any CPU
		{0A01855D-10DC-46D7-B2DF-7BA7C3380743}.Release|x86.ActiveCfg = Release|Any CPU
		{6CEBE5A8-D727-4496-9A30-1C3AA6180730}.Debug|Any CPU.ActiveCfg = Debug|x86
		{6CEBE5A8-D727-4496-9A30-1C3AA6180730}.Debug|Any CPU.Build.0 = Debug|x86
		{6CEBE5A8-D727-4496-9A30-1C3AA6180730}.Debug|Mixed Platforms.ActiveCfg = Debug|x86
		{6CEBE5A8-D727-4496-9A30-1C3AA6180730}.Debug|Mixed Platforms.Build.0 = Debug|x86
		{6CEBE5A8-D727-4496-9A30-1C3AA6180730}.Debug|x86.ActiveCfg = Debug|x86
		{6CEBE5A8-D727-4496-9A30-1C3AA6180730}.Debug|x86.Build.0 = Debug|x86
		{6CEBE5A8-D727-4496-9A30-1C3AA6180730}.Release|Any CPU.ActiveCfg = Release|x86
		{6CEBE5A8-D727-4496-9A30-1C3AA6180730}.Release|Mixed Platforms.ActiveCfg = Release|x86
		{6CEBE5A8-D727-4496-9A30-1C3AA6180730}.Release|Mixed Platforms.Build.0 = Release|x86
		{6CEBE5A8-D727-4496-9A30-1C3AA6180730}.Release|x86.ActiveCfg = Release|x86
		{6CEBE5A8-D727-4496-9A30-1C3AA6180730}.Release|x86.Build.0 = Release|x86
		{2C8ED2AB-0434-4BB0-95F6-35AB3A0D433E}.Debug|Any CPU.ActiveCfg = Debug|Any CPU
		{2C8ED2AB-0434-4BB0-95F6-35AB3A0D433E}.Debug|Any CPU.Build.0 = Debug|Any CPU
		{2C8ED2AB-0434-4BB0-95F6-35AB3A0D433E}.Debug|Mixed Platforms.ActiveCfg = Debug|Any CPU
		{2C8ED2AB-0434-4BB0-95F6-35AB3A0D433E}.Debug|Mixed Platforms.Build.0 = Debug|Any CPU
		{2C8ED2AB-0434-4BB0-95F6-35AB3A0D433E}.Debug|x86.ActiveCfg = Debug|Any CPU
		{2C8ED2AB-0434-4BB0-95F6-35AB3A0D433E}.Release|Any CPU.ActiveCfg = Release|Any CPU
		{2C8ED2AB-0434-4BB0-95F6-35AB3A0D433E}.Release|Any CPU.Build.0 = Release|Any CPU
		{2C8ED2AB-0434-4BB0-95F6-35AB3A0D433E}.Release|Mixed Platforms.ActiveCfg = Release|Any CPU
		{2C8ED2AB-0434-4BB0-95F6-35AB3A0D433E}.Release|Mixed Platforms.Build.0 = Release|Any CPU
		{2C8ED2AB-0434-4BB0-95F6-35AB3A0D433E}.Release|x86.ActiveCfg = Release|Any CPU
		{8C9C4BB8-EAB7-4E34-A90D-B0A14C5E4473}.Debug|Any CPU.ActiveCfg = Debug|Any CPU
		{8C9C4BB8-EAB7-4E34-A90D-B0A14C5E4473}.Debug|Any CPU.Build.0 = Debug|Any CPU
		{8C9C4BB8-EAB7-4E34-A90D-B0A14C5E4473}.Debug|Mixed Platforms.ActiveCfg = Debug|Any CPU
		{8C9C4BB8-EAB7-4E34-A90D-B0A14C5E4473}.Debug|Mixed Platforms.Build.0 = Debug|Any CPU
		{8C9C4BB8-EAB7-4E34-A90D-B0A14C5E4473}.Debug|x86.ActiveCfg = Debug|Any CPU
		{8C9C4BB8-EAB7-4E34-A90D-B0A14C5E4473}.Release|Any CPU.ActiveCfg = Release|Any CPU
		{8C9C4BB8-EAB7-4E34-A90D-B0A14C5E4473}.Release|Any CPU.Build.0 = Release|Any CPU
		{8C9C4BB8-EAB7-4E34-A90D-B0A14C5E4473}.Release|Mixed Platforms.ActiveCfg = Release|Any CPU
		{8C9C4BB8-EAB7-4E34-A90D-B0A14C5E4473}.Release|Mixed Platforms.Build.0 = Release|Any CPU
		{8C9C4BB8-EAB7-4E34-A90D-B0A14C5E4473}.Release|x86.ActiveCfg = Release|Any CPU
		{720371E5-68F5-4C72-BC38-A5852D86373B}.Debug|Any CPU.ActiveCfg = Debug|x86
		{720371E5-68F5-4C72-BC38-A5852D86373B}.Debug|Any CPU.Build.0 = Debug|x86
		{720371E5-68F5-4C72-BC38-A5852D86373B}.Debug|Mixed Platforms.ActiveCfg = Debug|x86
		{720371E5-68F5-4C72-BC38-A5852D86373B}.Debug|Mixed Platforms.Build.0 = Debug|x86
		{720371E5-68F5-4C72-BC38-A5852D86373B}.Debug|x86.ActiveCfg = Debug|x86
		{720371E5-68F5-4C72-BC38-A5852D86373B}.Debug|x86.Build.0 = Debug|x86
		{720371E5-68F5-4C72-BC38-A5852D86373B}.Release|Any CPU.ActiveCfg = Release|x86
		{720371E5-68F5-4C72-BC38-A5852D86373B}.Release|Mixed Platforms.ActiveCfg = Release|x86
		{720371E5-68F5-4C72-BC38-A5852D86373B}.Release|Mixed Platforms.Build.0 = Release|x86
		{720371E5-68F5-4C72-BC38-A5852D86373B}.Release|x86.ActiveCfg = Release|x86
		{720371E5-68F5-4C72-BC38-A5852D86373B}.Release|x86.Build.0 = Release|x86
		{6B478ECD-375C-409D-846B-5ED8C147AAD7}.Debug|Any CPU.ActiveCfg = Debug|x86
		{6B478ECD-375C-409D-846B-5ED8C147AAD7}.Debug|Any CPU.Build.0 = Debug|x86
		{6B478ECD-375C-409D-846B-5ED8C147AAD7}.Debug|Mixed Platforms.ActiveCfg = Debug|x86
		{6B478ECD-375C-409D-846B-5ED8C147AAD7}.Debug|Mixed Platforms.Build.0 = Debug|x86
		{6B478ECD-375C-409D-846B-5ED8C147AAD7}.Debug|x86.ActiveCfg = Debug|x86
		{6B478ECD-375C-409D-846B-5ED8C147AAD7}.Debug|x86.Build.0 = Debug|x86
		{6B478ECD-375C-409D-846B-5ED8C147AAD7}.Release|Any CPU.ActiveCfg = Release|x86
		{6B478ECD-375C-409D-846B-5ED8C147AAD7}.Release|Mixed Platforms.ActiveCfg = Release|x86
		{6B478ECD-375C-409D-846B-5ED8C147AAD7}.Release|Mixed Platforms.Build.0 = Release|x86
		{6B478ECD-375C-409D-846B-5ED8C147AAD7}.Release|x86.ActiveCfg = Release|x86
		{6B478ECD-375C-409D-846B-5ED8C147AAD7}.Release|x86.Build.0 = Release|x86
		{66916797-8124-437B-8EEE-720109E9AD70}.Debug|Any CPU.ActiveCfg = Debug|Any CPU
		{66916797-8124-437B-8EEE-720109E9AD70}.Debug|Any CPU.Build.0 = Debug|Any CPU
		{66916797-8124-437B-8EEE-720109E9AD70}.Debug|Mixed Platforms.ActiveCfg = Debug|Any CPU
		{66916797-8124-437B-8EEE-720109E9AD70}.Debug|Mixed Platforms.Build.0 = Debug|Any CPU
		{66916797-8124-437B-8EEE-720109E9AD70}.Debug|x86.ActiveCfg = Debug|Any CPU
		{66916797-8124-437B-8EEE-720109E9AD70}.Release|Any CPU.ActiveCfg = Release|Any CPU
		{66916797-8124-437B-8EEE-720109E9AD70}.Release|Any CPU.Build.0 = Release|Any CPU
		{66916797-8124-437B-8EEE-720109E9AD70}.Release|Mixed Platforms.ActiveCfg = Release|Any CPU
		{66916797-8124-437B-8EEE-720109E9AD70}.Release|Mixed Platforms.Build.0 = Release|Any CPU
		{66916797-8124-437B-8EEE-720109E9AD70}.Release|x86.ActiveCfg = Release|Any CPU
		{5BE9C694-8B57-4626-97DB-23175C47E77D}.Debug|Any CPU.ActiveCfg = Debug|Any CPU
		{5BE9C694-8B57-4626-97DB-23175C47E77D}.Debug|Any CPU.Build.0 = Debug|Any CPU
		{5BE9C694-8B57-4626-97DB-23175C47E77D}.Debug|Mixed Platforms.ActiveCfg = Debug|Any CPU
		{5BE9C694-8B57-4626-97DB-23175C47E77D}.Debug|Mixed Platforms.Build.0 = Debug|Any CPU
		{5BE9C694-8B57-4626-97DB-23175C47E77D}.Debug|x86.ActiveCfg = Debug|Any CPU
		{5BE9C694-8B57-4626-97DB-23175C47E77D}.Release|Any CPU.ActiveCfg = Release|Any CPU
		{5BE9C694-8B57-4626-97DB-23175C47E77D}.Release|Any CPU.Build.0 = Release|Any CPU
		{5BE9C694-8B57-4626-97DB-23175C47E77D}.Release|Mixed Platforms.ActiveCfg = Release|Any CPU
		{5BE9C694-8B57-4626-97DB-23175C47E77D}.Release|Mixed Platforms.Build.0 = Release|Any CPU
		{5BE9C694-8B57-4626-97DB-23175C47E77D}.Release|x86.ActiveCfg = Release|Any CPU
		{E93136D3-54BE-48D3-8A18-E42D92F366EA}.Debug|Any CPU.ActiveCfg = Debug|x86
		{E93136D3-54BE-48D3-8A18-E42D92F366EA}.Debug|Any CPU.Build.0 = Debug|x86
		{E93136D3-54BE-48D3-8A18-E42D92F366EA}.Debug|Mixed Platforms.ActiveCfg = Debug|x86
		{E93136D3-54BE-48D3-8A18-E42D92F366EA}.Debug|Mixed Platforms.Build.0 = Debug|x86
		{E93136D3-54BE-48D3-8A18-E42D92F366EA}.Debug|x86.ActiveCfg = Debug|x86
		{E93136D3-54BE-48D3-8A18-E42D92F366EA}.Debug|x86.Build.0 = Debug|x86
		{E93136D3-54BE-48D3-8A18-E42D92F366EA}.Release|Any CPU.ActiveCfg = Release|x86
		{E93136D3-54BE-48D3-8A18-E42D92F366EA}.Release|Mixed Platforms.ActiveCfg = Release|x86
		{E93136D3-54BE-48D3-8A18-E42D92F366EA}.Release|Mixed Platforms.Build.0 = Release|x86
		{E93136D3-54BE-48D3-8A18-E42D92F366EA}.Release|x86.ActiveCfg = Release|x86
		{E93136D3-54BE-48D3-8A18-E42D92F366EA}.Release|x86.Build.0 = Release|x86
		{E4A9FBDF-75E9-45E7-AFE5-D40D35724B1E}.Debug|Any CPU.ActiveCfg = Debug|Any CPU
		{E4A9FBDF-75E9-45E7-AFE5-D40D35724B1E}.Debug|Any CPU.Build.0 = Debug|Any CPU
		{E4A9FBDF-75E9-45E7-AFE5-D40D35724B1E}.Debug|Mixed Platforms.ActiveCfg = Debug|Any CPU
		{E4A9FBDF-75E9-45E7-AFE5-D40D35724B1E}.Debug|Mixed Platforms.Build.0 = Debug|Any CPU
		{E4A9FBDF-75E9-45E7-AFE5-D40D35724B1E}.Debug|x86.ActiveCfg = Debug|Any CPU
		{E4A9FBDF-75E9-45E7-AFE5-D40D35724B1E}.Release|Any CPU.ActiveCfg = Release|Any CPU
		{E4A9FBDF-75E9-45E7-AFE5-D40D35724B1E}.Release|Any CPU.Build.0 = Release|Any CPU
		{E4A9FBDF-75E9-45E7-AFE5-D40D35724B1E}.Release|Mixed Platforms.ActiveCfg = Release|Any CPU
		{E4A9FBDF-75E9-45E7-AFE5-D40D35724B1E}.Release|Mixed Platforms.Build.0 = Release|Any CPU
		{E4A9FBDF-75E9-45E7-AFE5-D40D35724B1E}.Release|x86.ActiveCfg = Release|Any CPU
		{D44ED2C9-68DE-402D-B81F-6F764F210309}.Debug|Any CPU.ActiveCfg = Debug|Any CPU
		{D44ED2C9-68DE-402D-B81F-6F764F210309}.Debug|Any CPU.Build.0 = Debug|Any CPU
		{D44ED2C9-68DE-402D-B81F-6F764F210309}.Debug|Mixed Platforms.ActiveCfg = Debug|Any CPU
		{D44ED2C9-68DE-402D-B81F-6F764F210309}.Debug|Mixed Platforms.Build.0 = Debug|Any CPU
		{D44ED2C9-68DE-402D-B81F-6F764F210309}.Debug|x86.ActiveCfg = Debug|Any CPU
		{D44ED2C9-68DE-402D-B81F-6F764F210309}.Release|Any CPU.ActiveCfg = Release|Any CPU
		{D44ED2C9-68DE-402D-B81F-6F764F210309}.Release|Any CPU.Build.0 = Release|Any CPU
		{D44ED2C9-68DE-402D-B81F-6F764F210309}.Release|Mixed Platforms.ActiveCfg = Release|Any CPU
		{D44ED2C9-68DE-402D-B81F-6F764F210309}.Release|Mixed Platforms.Build.0 = Release|Any CPU
		{D44ED2C9-68DE-402D-B81F-6F764F210309}.Release|x86.ActiveCfg = Release|Any CPU
		{6843B1CC-EAF2-42CE-AC16-D1C8799F5848}.Debug|Any CPU.ActiveCfg = Debug|x86
		{6843B1CC-EAF2-42CE-AC16-D1C8799F5848}.Debug|Any CPU.Build.0 = Debug|x86
		{6843B1CC-EAF2-42CE-AC16-D1C8799F5848}.Debug|Mixed Platforms.ActiveCfg = Debug|x86
		{6843B1CC-EAF2-42CE-AC16-D1C8799F5848}.Debug|Mixed Platforms.Build.0 = Debug|x86
		{6843B1CC-EAF2-42CE-AC16-D1C8799F5848}.Debug|x86.ActiveCfg = Debug|x86
		{6843B1CC-EAF2-42CE-AC16-D1C8799F5848}.Debug|x86.Build.0 = Debug|x86
		{6843B1CC-EAF2-42CE-AC16-D1C8799F5848}.Release|Any CPU.ActiveCfg = Release|x86
		{6843B1CC-EAF2-42CE-AC16-D1C8799F5848}.Release|Mixed Platforms.ActiveCfg = Release|x86
		{6843B1CC-EAF2-42CE-AC16-D1C8799F5848}.Release|Mixed Platforms.Build.0 = Release|x86
		{6843B1CC-EAF2-42CE-AC16-D1C8799F5848}.Release|x86.ActiveCfg = Release|x86
		{6843B1CC-EAF2-42CE-AC16-D1C8799F5848}.Release|x86.Build.0 = Release|x86
		{023E56DB-AD4A-4DE0-8238-D7F76B3FB84F}.Debug|Any CPU.ActiveCfg = Debug
		{023E56DB-AD4A-4DE0-8238-D7F76B3FB84F}.Debug|Mixed Platforms.ActiveCfg = Debug
		{023E56DB-AD4A-4DE0-8238-D7F76B3FB84F}.Debug|x86.ActiveCfg = Debug
		{023E56DB-AD4A-4DE0-8238-D7F76B3FB84F}.Release|Any CPU.ActiveCfg = Release
		{023E56DB-AD4A-4DE0-8238-D7F76B3FB84F}.Release|Mixed Platforms.ActiveCfg = Release
		{023E56DB-AD4A-4DE0-8238-D7F76B3FB84F}.Release|x86.ActiveCfg = Release
		{DFAF0D23-7B75-4EA0-9ADB-0344AC34C34E}.Debug|Any CPU.ActiveCfg = Debug|Any CPU
		{DFAF0D23-7B75-4EA0-9ADB-0344AC34C34E}.Debug|Any CPU.Build.0 = Debug|Any CPU
		{DFAF0D23-7B75-4EA0-9ADB-0344AC34C34E}.Debug|Mixed Platforms.ActiveCfg = Debug|Any CPU
		{DFAF0D23-7B75-4EA0-9ADB-0344AC34C34E}.Debug|Mixed Platforms.Build.0 = Debug|Any CPU
		{DFAF0D23-7B75-4EA0-9ADB-0344AC34C34E}.Debug|x86.ActiveCfg = Debug|Any CPU
		{DFAF0D23-7B75-4EA0-9ADB-0344AC34C34E}.Release|Any CPU.ActiveCfg = Release|Any CPU
		{DFAF0D23-7B75-4EA0-9ADB-0344AC34C34E}.Release|Any CPU.Build.0 = Release|Any CPU
		{DFAF0D23-7B75-4EA0-9ADB-0344AC34C34E}.Release|Mixed Platforms.ActiveCfg = Release|Any CPU
		{DFAF0D23-7B75-4EA0-9ADB-0344AC34C34E}.Release|Mixed Platforms.Build.0 = Release|Any CPU
		{DFAF0D23-7B75-4EA0-9ADB-0344AC34C34E}.Release|x86.ActiveCfg = Release|Any CPU
		{D3F84979-BFDD-4035-A31B-FE1F744CF35E}.Debug|Any CPU.ActiveCfg = Debug
		{D3F84979-BFDD-4035-A31B-FE1F744CF35E}.Debug|Mixed Platforms.ActiveCfg = Debug
		{D3F84979-BFDD-4035-A31B-FE1F744CF35E}.Debug|x86.ActiveCfg = Debug
		{D3F84979-BFDD-4035-A31B-FE1F744CF35E}.Release|Any CPU.ActiveCfg = Release
		{D3F84979-BFDD-4035-A31B-FE1F744CF35E}.Release|Mixed Platforms.ActiveCfg = Release
		{D3F84979-BFDD-4035-A31B-FE1F744CF35E}.Release|x86.ActiveCfg = Release
		{B9939412-0622-4B96-9ED0-825918B7F438}.Debug|Any CPU.ActiveCfg = Debug|Any CPU
		{B9939412-0622-4B96-9ED0-825918B7F438}.Debug|Any CPU.Build.0 = Debug|Any CPU
		{B9939412-0622-4B96-9ED0-825918B7F438}.Debug|Mixed Platforms.ActiveCfg = Debug|Any CPU
		{B9939412-0622-4B96-9ED0-825918B7F438}.Debug|Mixed Platforms.Build.0 = Debug|Any CPU
		{B9939412-0622-4B96-9ED0-825918B7F438}.Debug|x86.ActiveCfg = Debug|Any CPU
		{B9939412-0622-4B96-9ED0-825918B7F438}.Release|Any CPU.ActiveCfg = Release|Any CPU
		{B9939412-0622-4B96-9ED0-825918B7F438}.Release|Any CPU.Build.0 = Release|Any CPU
		{B9939412-0622-4B96-9ED0-825918B7F438}.Release|Mixed Platforms.ActiveCfg = Release|Any CPU
		{B9939412-0622-4B96-9ED0-825918B7F438}.Release|Mixed Platforms.Build.0 = Release|Any CPU
		{B9939412-0622-4B96-9ED0-825918B7F438}.Release|x86.ActiveCfg = Release|Any CPU
		{1F7B75BA-8D97-44F5-AEB9-A8F7822AB3B2}.Debug|Any CPU.ActiveCfg = Debug|Any CPU
		{1F7B75BA-8D97-44F5-AEB9-A8F7822AB3B2}.Debug|Any CPU.Build.0 = Debug|Any CPU
		{1F7B75BA-8D97-44F5-AEB9-A8F7822AB3B2}.Debug|Mixed Platforms.ActiveCfg = Debug|Any CPU
		{1F7B75BA-8D97-44F5-AEB9-A8F7822AB3B2}.Debug|Mixed Platforms.Build.0 = Debug|Any CPU
		{1F7B75BA-8D97-44F5-AEB9-A8F7822AB3B2}.Debug|x86.ActiveCfg = Debug|Any CPU
		{1F7B75BA-8D97-44F5-AEB9-A8F7822AB3B2}.Release|Any CPU.ActiveCfg = Release|Any CPU
		{1F7B75BA-8D97-44F5-AEB9-A8F7822AB3B2}.Release|Any CPU.Build.0 = Release|Any CPU
		{1F7B75BA-8D97-44F5-AEB9-A8F7822AB3B2}.Release|Mixed Platforms.ActiveCfg = Release|Any CPU
		{1F7B75BA-8D97-44F5-AEB9-A8F7822AB3B2}.Release|Mixed Platforms.Build.0 = Release|Any CPU
		{1F7B75BA-8D97-44F5-AEB9-A8F7822AB3B2}.Release|x86.ActiveCfg = Release|Any CPU
		{5FFD128C-8301-4151-9809-010FC37F46BA}.Debug|Any CPU.ActiveCfg = Debug
		{5FFD128C-8301-4151-9809-010FC37F46BA}.Debug|Mixed Platforms.ActiveCfg = Debug
		{5FFD128C-8301-4151-9809-010FC37F46BA}.Debug|x86.ActiveCfg = Debug
		{5FFD128C-8301-4151-9809-010FC37F46BA}.Release|Any CPU.ActiveCfg = Release
		{5FFD128C-8301-4151-9809-010FC37F46BA}.Release|Mixed Platforms.ActiveCfg = Release
		{5FFD128C-8301-4151-9809-010FC37F46BA}.Release|x86.ActiveCfg = Release
		{928EC816-9398-4CE4-9DCF-001EC646DD1C}.Debug|Any CPU.ActiveCfg = Debug|Any CPU
		{928EC816-9398-4CE4-9DCF-001EC646DD1C}.Debug|Any CPU.Build.0 = Debug|Any CPU
		{928EC816-9398-4CE4-9DCF-001EC646DD1C}.Debug|Mixed Platforms.ActiveCfg = Debug|Any CPU
		{928EC816-9398-4CE4-9DCF-001EC646DD1C}.Debug|Mixed Platforms.Build.0 = Debug|Any CPU
		{928EC816-9398-4CE4-9DCF-001EC646DD1C}.Debug|x86.ActiveCfg = Debug|Any CPU
		{928EC816-9398-4CE4-9DCF-001EC646DD1C}.Release|Any CPU.ActiveCfg = Release|Any CPU
		{928EC816-9398-4CE4-9DCF-001EC646DD1C}.Release|Any CPU.Build.0 = Release|Any CPU
		{928EC816-9398-4CE4-9DCF-001EC646DD1C}.Release|Mixed Platforms.ActiveCfg = Release|Any CPU
		{928EC816-9398-4CE4-9DCF-001EC646DD1C}.Release|Mixed Platforms.Build.0 = Release|Any CPU
		{928EC816-9398-4CE4-9DCF-001EC646DD1C}.Release|x86.ActiveCfg = Release|Any CPU
		{1922E55A-7FF2-4780-A04B-983B7632BFD8}.Debug|Any CPU.ActiveCfg = Debug
		{1922E55A-7FF2-4780-A04B-983B7632BFD8}.Debug|Mixed Platforms.ActiveCfg = Debug
		{1922E55A-7FF2-4780-A04B-983B7632BFD8}.Debug|x86.ActiveCfg = Debug
		{1922E55A-7FF2-4780-A04B-983B7632BFD8}.Release|Any CPU.ActiveCfg = Release
		{1922E55A-7FF2-4780-A04B-983B7632BFD8}.Release|Mixed Platforms.ActiveCfg = Release
		{1922E55A-7FF2-4780-A04B-983B7632BFD8}.Release|x86.ActiveCfg = Release
		{ECE1F556-0388-488C-9290-FB8AAA93AC94}.Debug|Any CPU.ActiveCfg = Debug|x86
		{ECE1F556-0388-488C-9290-FB8AAA93AC94}.Debug|Any CPU.Build.0 = Debug|x86
		{ECE1F556-0388-488C-9290-FB8AAA93AC94}.Debug|Mixed Platforms.ActiveCfg = Debug|x86
		{ECE1F556-0388-488C-9290-FB8AAA93AC94}.Debug|Mixed Platforms.Build.0 = Debug|x86
		{ECE1F556-0388-488C-9290-FB8AAA93AC94}.Debug|x86.ActiveCfg = Debug|x86
		{ECE1F556-0388-488C-9290-FB8AAA93AC94}.Debug|x86.Build.0 = Debug|x86
		{ECE1F556-0388-488C-9290-FB8AAA93AC94}.Release|Any CPU.ActiveCfg = Release|x86
		{ECE1F556-0388-488C-9290-FB8AAA93AC94}.Release|Mixed Platforms.ActiveCfg = Release|x86
		{ECE1F556-0388-488C-9290-FB8AAA93AC94}.Release|Mixed Platforms.Build.0 = Release|x86
		{ECE1F556-0388-488C-9290-FB8AAA93AC94}.Release|x86.ActiveCfg = Release|x86
		{ECE1F556-0388-488C-9290-FB8AAA93AC94}.Release|x86.Build.0 = Release|x86
		{3E1517D1-2979-403C-B886-FB6BABCF6FB5}.Debug|Any CPU.ActiveCfg = Debug|Any CPU
		{3E1517D1-2979-403C-B886-FB6BABCF6FB5}.Debug|Any CPU.Build.0 = Debug|Any CPU
		{3E1517D1-2979-403C-B886-FB6BABCF6FB5}.Debug|Mixed Platforms.ActiveCfg = Debug|Any CPU
		{3E1517D1-2979-403C-B886-FB6BABCF6FB5}.Debug|Mixed Platforms.Build.0 = Debug|Any CPU
		{3E1517D1-2979-403C-B886-FB6BABCF6FB5}.Debug|x86.ActiveCfg = Debug|Any CPU
		{3E1517D1-2979-403C-B886-FB6BABCF6FB5}.Release|Any CPU.ActiveCfg = Release|Any CPU
		{3E1517D1-2979-403C-B886-FB6BABCF6FB5}.Release|Any CPU.Build.0 = Release|Any CPU
		{3E1517D1-2979-403C-B886-FB6BABCF6FB5}.Release|Mixed Platforms.ActiveCfg = Release|Any CPU
		{3E1517D1-2979-403C-B886-FB6BABCF6FB5}.Release|Mixed Platforms.Build.0 = Release|Any CPU
		{3E1517D1-2979-403C-B886-FB6BABCF6FB5}.Release|x86.ActiveCfg = Release|Any CPU
	EndGlobalSection
	GlobalSection(SolutionProperties) = preSolution
		HideSolutionNode = FALSE
	EndGlobalSection
	GlobalSection(NestedProjects) = preSolution
		{2E1E9BA4-2C8C-481A-B35E-43FF717E4B43} = {72505E67-CCF7-44E3-A7E4-BC00679AD47D}
		{6358F485-88D8-4093-898B-3A4348D72CC7} = {72505E67-CCF7-44E3-A7E4-BC00679AD47D}
		{720371E5-68F5-4C72-BC38-A5852D86373B} = {23E63350-C279-4EC8-9F9E-9D3B3102D6AA}
		{6B478ECD-375C-409D-846B-5ED8C147AAD7} = {23E63350-C279-4EC8-9F9E-9D3B3102D6AA}
		{6CEBE5A8-D727-4496-9A30-1C3AA6180730} = {23E63350-C279-4EC8-9F9E-9D3B3102D6AA}
		{ECE1F556-0388-488C-9290-FB8AAA93AC94} = {23E63350-C279-4EC8-9F9E-9D3B3102D6AA}
		{66916797-8124-437B-8EEE-720109E9AD70} = {A2908650-1AFA-4840-B659-C39E90C5A1C7}
		{5BE9C694-8B57-4626-97DB-23175C47E77D} = {A2908650-1AFA-4840-B659-C39E90C5A1C7}
		{E93136D3-54BE-48D3-8A18-E42D92F366EA} = {A2908650-1AFA-4840-B659-C39E90C5A1C7}
		{E4A9FBDF-75E9-45E7-AFE5-D40D35724B1E} = {A2908650-1AFA-4840-B659-C39E90C5A1C7}
		{D44ED2C9-68DE-402D-B81F-6F764F210309} = {A2908650-1AFA-4840-B659-C39E90C5A1C7}
		{023E56DB-AD4A-4DE0-8238-D7F76B3FB84F} = {711998AB-9D95-46A6-ACB4-280CFE137A12}
		{DFAF0D23-7B75-4EA0-9ADB-0344AC34C34E} = {711998AB-9D95-46A6-ACB4-280CFE137A12}
		{D3F84979-BFDD-4035-A31B-FE1F744CF35E} = {711998AB-9D95-46A6-ACB4-280CFE137A12}
		{B9939412-0622-4B96-9ED0-825918B7F438} = {711998AB-9D95-46A6-ACB4-280CFE137A12}
		{1F7B75BA-8D97-44F5-AEB9-A8F7822AB3B2} = {711998AB-9D95-46A6-ACB4-280CFE137A12}
		{5FFD128C-8301-4151-9809-010FC37F46BA} = {711998AB-9D95-46A6-ACB4-280CFE137A12}
		{928EC816-9398-4CE4-9DCF-001EC646DD1C} = {711998AB-9D95-46A6-ACB4-280CFE137A12}
		{1922E55A-7FF2-4780-A04B-983B7632BFD8} = {711998AB-9D95-46A6-ACB4-280CFE137A12}
	EndGlobalSection
EndGlobal
