
Microsoft Visual Studio Solution File, Format Version 11.00
# Visual Studio 2010
Project("{FAE04EC0-301F-11D3-BF4B-00C04F79EFBC}") = "Conversus.Core.DomainModel", "Conversus.Core.DomainModel\Conversus.Core.DomainModel.csproj", "{6358F485-88D8-4093-898B-3A4348D72CC7}"
EndProject
Project("{FAE04EC0-301F-11D3-BF4B-00C04F79EFBC}") = "Conversus.Core.Impl", "Conversus.Core.Impl\Conversus.Core.Impl.csproj", "{52F0DBB4-1C44-42FB-938D-71A2DE4BEC61}"
EndProject
Project("{FAE04EC0-301F-11D3-BF4B-00C04F79EFBC}") = "Conversus.Core.DTO", "Conversus.Core.DTO\Conversus.Core.DTO.csproj", "{A41B6FE4-69D7-4782-9E75-624D9A26E474}"
EndProject
Project("{FAE04EC0-301F-11D3-BF4B-00C04F79EFBC}") = "Conversus.Core.Infrastructure", "Conversus.Core.Infrastructure\Conversus.Core.Infrastructure.csproj", "{2E1E9BA4-2C8C-481A-B35E-43FF717E4B43}"
EndProject
Global
	GlobalSection(SolutionConfigurationPlatforms) = preSolution
		Debug|Any CPU = Debug|Any CPU
		Release|Any CPU = Release|Any CPU
	EndGlobalSection
	GlobalSection(ProjectConfigurationPlatforms) = postSolution
		{6358F485-88D8-4093-898B-3A4348D72CC7}.Debug|Any CPU.ActiveCfg = Debug|Any CPU
		{6358F485-88D8-4093-898B-3A4348D72CC7}.Debug|Any CPU.Build.0 = Debug|Any CPU
		{6358F485-88D8-4093-898B-3A4348D72CC7}.Release|Any CPU.ActiveCfg = Release|Any CPU
		{6358F485-88D8-4093-898B-3A4348D72CC7}.Release|Any CPU.Build.0 = Release|Any CPU
		{52F0DBB4-1C44-42FB-938D-71A2DE4BEC61}.Debug|Any CPU.ActiveCfg = Debug|Any CPU
		{52F0DBB4-1C44-42FB-938D-71A2DE4BEC61}.Debug|Any CPU.Build.0 = Debug|Any CPU
		{52F0DBB4-1C44-42FB-938D-71A2DE4BEC61}.Release|Any CPU.ActiveCfg = Release|Any CPU
		{52F0DBB4-1C44-42FB-938D-71A2DE4BEC61}.Release|Any CPU.Build.0 = Release|Any CPU
		{A41B6FE4-69D7-4782-9E75-624D9A26E474}.Debug|Any CPU.ActiveCfg = Debug|Any CPU
		{A41B6FE4-69D7-4782-9E75-624D9A26E474}.Debug|Any CPU.Build.0 = Debug|Any CPU
		{A41B6FE4-69D7-4782-9E75-624D9A26E474}.Release|Any CPU.ActiveCfg = Release|Any CPU
		{A41B6FE4-69D7-4782-9E75-624D9A26E474}.Release|Any CPU.Build.0 = Release|Any CPU
		{2E1E9BA4-2C8C-481A-B35E-43FF717E4B43}.Debug|Any CPU.ActiveCfg = Debug|Any CPU
		{2E1E9BA4-2C8C-481A-B35E-43FF717E4B43}.Debug|Any CPU.Build.0 = Debug|Any CPU
		{2E1E9BA4-2C8C-481A-B35E-43FF717E4B43}.Release|Any CPU.ActiveCfg = Release|Any CPU
		{2E1E9BA4-2C8C-481A-B35E-43FF717E4B43}.Release|Any CPU.Build.0 = Release|Any CPU
	EndGlobalSection
	GlobalSection(SolutionProperties) = preSolution
		HideSolutionNode = FALSE
	EndGlobalSection
EndGlobal
